// !$*UTF8*$!
{
	archiveVersion = 1;
	classes = {
	};
	objectVersion = 46;
	objects = {

/* Begin PBXBuildFile section */
		EC1DA8D71A6350A4007A15D8 /* RecentItemsTVC.m in Sources */ = {isa = PBXBuildFile; fileRef = EC1DA8D61A6350A4007A15D8 /* RecentItemsTVC.m */; };
		ECF144BC1A69A1A000F0336D /* FavoritesTVC.m in Sources */ = {isa = PBXBuildFile; fileRef = ECF144BB1A69A1A000F0336D /* FavoritesTVC.m */; };
		ECF795081A33BAFC0076A193 /* main.m in Sources */ = {isa = PBXBuildFile; fileRef = ECF795071A33BAFC0076A193 /* main.m */; };
		ECF7950B1A33BAFC0076A193 /* AppDelegate.m in Sources */ = {isa = PBXBuildFile; fileRef = ECF7950A1A33BAFC0076A193 /* AppDelegate.m */; };
		ECF7950E1A33BAFC0076A193 /* MainViewController.m in Sources */ = {isa = PBXBuildFile; fileRef = ECF7950D1A33BAFC0076A193 /* MainViewController.m */; };
		ECF795111A33BAFC0076A193 /* Main.storyboard in Resources */ = {isa = PBXBuildFile; fileRef = ECF7950F1A33BAFC0076A193 /* Main.storyboard */; };
		ECF795131A33BAFC0076A193 /* Images.xcassets in Resources */ = {isa = PBXBuildFile; fileRef = ECF795121A33BAFC0076A193 /* Images.xcassets */; };
		ECF795161A33BAFC0076A193 /* LaunchScreen.xib in Resources */ = {isa = PBXBuildFile; fileRef = ECF795141A33BAFC0076A193 /* LaunchScreen.xib */; };
		ECF795221A33BAFC0076A193 /* Reality_TV_Show_Name_GeneratorTests.m in Sources */ = {isa = PBXBuildFile; fileRef = ECF795211A33BAFC0076A193 /* Reality_TV_Show_Name_GeneratorTests.m */; };
		ECF7952D1A33DA7D0076A193 /* RandomName.m in Sources */ = {isa = PBXBuildFile; fileRef = ECF7952C1A33DA7D0076A193 /* RandomName.m */; };
/* End PBXBuildFile section */

/* Begin PBXContainerItemProxy section */
		ECF7951C1A33BAFC0076A193 /* PBXContainerItemProxy */ = {
			isa = PBXContainerItemProxy;
			containerPortal = ECF794FA1A33BAFC0076A193 /* Project object */;
			proxyType = 1;
			remoteGlobalIDString = ECF795011A33BAFC0076A193;
			remoteInfo = "Reality TV Show Name Generator";
		};
/* End PBXContainerItemProxy section */

/* Begin PBXFileReference section */
		EC1DA8D51A6350A4007A15D8 /* RecentItemsTVC.h */ = {isa = PBXFileReference; fileEncoding = 4; lastKnownFileType = sourcecode.c.h; path = RecentItemsTVC.h; sourceTree = "<group>"; };
		EC1DA8D61A6350A4007A15D8 /* RecentItemsTVC.m */ = {isa = PBXFileReference; fileEncoding = 4; lastKnownFileType = sourcecode.c.objc; path = RecentItemsTVC.m; sourceTree = "<group>"; };
		ECF144BA1A69A1A000F0336D /* FavoritesTVC.h */ = {isa = PBXFileReference; fileEncoding = 4; lastKnownFileType = sourcecode.c.h; path = FavoritesTVC.h; sourceTree = "<group>"; };
		ECF144BB1A69A1A000F0336D /* FavoritesTVC.m */ = {isa = PBXFileReference; fileEncoding = 4; lastKnownFileType = sourcecode.c.objc; path = FavoritesTVC.m; sourceTree = "<group>"; };
		ECF795021A33BAFC0076A193 /* Reality TV Show Name Generator.app */ = {isa = PBXFileReference; explicitFileType = wrapper.application; includeInIndex = 0; path = "Reality TV Show Name Generator.app"; sourceTree = BUILT_PRODUCTS_DIR; };
		ECF795061A33BAFC0076A193 /* Info.plist */ = {isa = PBXFileReference; lastKnownFileType = text.plist.xml; path = Info.plist; sourceTree = "<group>"; };
		ECF795071A33BAFC0076A193 /* main.m */ = {isa = PBXFileReference; lastKnownFileType = sourcecode.c.objc; path = main.m; sourceTree = "<group>"; };
		ECF795091A33BAFC0076A193 /* AppDelegate.h */ = {isa = PBXFileReference; lastKnownFileType = sourcecode.c.h; path = AppDelegate.h; sourceTree = "<group>"; };
		ECF7950A1A33BAFC0076A193 /* AppDelegate.m */ = {isa = PBXFileReference; lastKnownFileType = sourcecode.c.objc; path = AppDelegate.m; sourceTree = "<group>"; };
		ECF7950C1A33BAFC0076A193 /* MainViewController.h */ = {isa = PBXFileReference; lastKnownFileType = sourcecode.c.h; path = MainViewController.h; sourceTree = "<group>"; };
		ECF7950D1A33BAFC0076A193 /* MainViewController.m */ = {isa = PBXFileReference; lastKnownFileType = sourcecode.c.objc; path = MainViewController.m; sourceTree = "<group>"; };
		ECF795101A33BAFC0076A193 /* Base */ = {isa = PBXFileReference; lastKnownFileType = file.storyboard; name = Base; path = Base.lproj/Main.storyboard; sourceTree = "<group>"; };
		ECF795121A33BAFC0076A193 /* Images.xcassets */ = {isa = PBXFileReference; lastKnownFileType = folder.assetcatalog; path = Images.xcassets; sourceTree = "<group>"; };
		ECF795151A33BAFC0076A193 /* Base */ = {isa = PBXFileReference; lastKnownFileType = file.xib; name = Base; path = Base.lproj/LaunchScreen.xib; sourceTree = "<group>"; };
		ECF7951B1A33BAFC0076A193 /* Reality TV Show Name GeneratorTests.xctest */ = {isa = PBXFileReference; explicitFileType = wrapper.cfbundle; includeInIndex = 0; path = "Reality TV Show Name GeneratorTests.xctest"; sourceTree = BUILT_PRODUCTS_DIR; };
		ECF795201A33BAFC0076A193 /* Info.plist */ = {isa = PBXFileReference; lastKnownFileType = text.plist.xml; path = Info.plist; sourceTree = "<group>"; };
		ECF795211A33BAFC0076A193 /* Reality_TV_Show_Name_GeneratorTests.m */ = {isa = PBXFileReference; lastKnownFileType = sourcecode.c.objc; path = Reality_TV_Show_Name_GeneratorTests.m; sourceTree = "<group>"; };
		ECF7952B1A33DA7D0076A193 /* RandomName.h */ = {isa = PBXFileReference; fileEncoding = 4; lastKnownFileType = sourcecode.c.h; path = RandomName.h; sourceTree = "<group>"; };
		ECF7952C1A33DA7D0076A193 /* RandomName.m */ = {isa = PBXFileReference; fileEncoding = 4; lastKnownFileType = sourcecode.c.objc; path = RandomName.m; sourceTree = "<group>"; };
/* End PBXFileReference section */

/* Begin PBXFrameworksBuildPhase section */
		ECF794FF1A33BAFC0076A193 /* Frameworks */ = {
			isa = PBXFrameworksBuildPhase;
			buildActionMask = 2147483647;
			files = (
			);
			runOnlyForDeploymentPostprocessing = 0;
		};
		ECF795181A33BAFC0076A193 /* Frameworks */ = {
			isa = PBXFrameworksBuildPhase;
			buildActionMask = 2147483647;
			files = (
			);
			runOnlyForDeploymentPostprocessing = 0;
		};
/* End PBXFrameworksBuildPhase section */

/* Begin PBXGroup section */
		ECF794F91A33BAFC0076A193 = {
			isa = PBXGroup;
			children = (
				ECF795041A33BAFC0076A193 /* Reality TV Show Name Generator */,
				ECF7951E1A33BAFC0076A193 /* Reality TV Show Name GeneratorTests */,
				ECF795031A33BAFC0076A193 /* Products */,
			);
			sourceTree = "<group>";
		};
		ECF795031A33BAFC0076A193 /* Products */ = {
			isa = PBXGroup;
			children = (
				ECF795021A33BAFC0076A193 /* Reality TV Show Name Generator.app */,
				ECF7951B1A33BAFC0076A193 /* Reality TV Show Name GeneratorTests.xctest */,
			);
			name = Products;
			sourceTree = "<group>";
		};
		ECF795041A33BAFC0076A193 /* Reality TV Show Name Generator */ = {
			isa = PBXGroup;
			children = (
				ECF7950C1A33BAFC0076A193 /* MainViewController.h */,
				ECF7950D1A33BAFC0076A193 /* MainViewController.m */,
				ECF144BA1A69A1A000F0336D /* FavoritesTVC.h */,
				ECF144BB1A69A1A000F0336D /* FavoritesTVC.m */,
				EC1DA8D51A6350A4007A15D8 /* RecentItemsTVC.h */,
				EC1DA8D61A6350A4007A15D8 /* RecentItemsTVC.m */,
				ECF7950F1A33BAFC0076A193 /* Main.storyboard */,
				ECF795121A33BAFC0076A193 /* Images.xcassets */,
				ECF795141A33BAFC0076A193 /* LaunchScreen.xib */,
				ECF795051A33BAFC0076A193 /* Supporting Files */,
				ECF7952B1A33DA7D0076A193 /* RandomName.h */,
				ECF7952C1A33DA7D0076A193 /* RandomName.m */,
			);
			path = "Reality TV Show Name Generator";
			sourceTree = "<group>";
		};
		ECF795051A33BAFC0076A193 /* Supporting Files */ = {
			isa = PBXGroup;
			children = (
				ECF795091A33BAFC0076A193 /* AppDelegate.h */,
				ECF7950A1A33BAFC0076A193 /* AppDelegate.m */,
				ECF795061A33BAFC0076A193 /* Info.plist */,
				ECF795071A33BAFC0076A193 /* main.m */,
			);
			name = "Supporting Files";
			sourceTree = "<group>";
		};
		ECF7951E1A33BAFC0076A193 /* Reality TV Show Name GeneratorTests */ = {
			isa = PBXGroup;
			children = (
				ECF795211A33BAFC0076A193 /* Reality_TV_Show_Name_GeneratorTests.m */,
				ECF7951F1A33BAFC0076A193 /* Supporting Files */,
			);
			path = "Reality TV Show Name GeneratorTests";
			sourceTree = "<group>";
		};
		ECF7951F1A33BAFC0076A193 /* Supporting Files */ = {
			isa = PBXGroup;
			children = (
				ECF795201A33BAFC0076A193 /* Info.plist */,
			);
			name = "Supporting Files";
			sourceTree = "<group>";
		};
/* End PBXGroup section */

/* Begin PBXNativeTarget section */
		ECF795011A33BAFC0076A193 /* Reality TV Show Name Generator */ = {
			isa = PBXNativeTarget;
			buildConfigurationList = ECF795251A33BAFC0076A193 /* Build configuration list for PBXNativeTarget "Reality TV Show Name Generator" */;
			buildPhases = (
				ECF794FE1A33BAFC0076A193 /* Sources */,
				ECF794FF1A33BAFC0076A193 /* Frameworks */,
				ECF795001A33BAFC0076A193 /* Resources */,
			);
			buildRules = (
			);
			dependencies = (
			);
			name = "Reality TV Show Name Generator";
			productName = "Reality TV Show Name Generator";
			productReference = ECF795021A33BAFC0076A193 /* Reality TV Show Name Generator.app */;
			productType = "com.apple.product-type.application";
		};
		ECF7951A1A33BAFC0076A193 /* Reality TV Show Name GeneratorTests */ = {
			isa = PBXNativeTarget;
			buildConfigurationList = ECF795281A33BAFC0076A193 /* Build configuration list for PBXNativeTarget "Reality TV Show Name GeneratorTests" */;
			buildPhases = (
				ECF795171A33BAFC0076A193 /* Sources */,
				ECF795181A33BAFC0076A193 /* Frameworks */,
				ECF795191A33BAFC0076A193 /* Resources */,
			);
			buildRules = (
			);
			dependencies = (
				ECF7951D1A33BAFC0076A193 /* PBXTargetDependency */,
			);
			name = "Reality TV Show Name GeneratorTests";
			productName = "Reality TV Show Name GeneratorTests";
			productReference = ECF7951B1A33BAFC0076A193 /* Reality TV Show Name GeneratorTests.xctest */;
			productType = "com.apple.product-type.bundle.unit-test";
		};
/* End PBXNativeTarget section */

/* Begin PBXProject section */
		ECF794FA1A33BAFC0076A193 /* Project object */ = {
			isa = PBXProject;
			attributes = {
				LastUpgradeCheck = 0610;
				ORGANIZATIONNAME = "Proximity Viz LLC";
				TargetAttributes = {
					ECF795011A33BAFC0076A193 = {
						CreatedOnToolsVersion = 6.1.1;
					};
					ECF7951A1A33BAFC0076A193 = {
						CreatedOnToolsVersion = 6.1.1;
						TestTargetID = ECF795011A33BAFC0076A193;
					};
				};
			};
			buildConfigurationList = ECF794FD1A33BAFC0076A193 /* Build configuration list for PBXProject "Reality TV Show Name Generator" */;
			compatibilityVersion = "Xcode 3.2";
			developmentRegion = English;
			hasScannedForEncodings = 0;
			knownRegions = (
				en,
				Base,
			);
			mainGroup = ECF794F91A33BAFC0076A193;
			productRefGroup = ECF795031A33BAFC0076A193 /* Products */;
			projectDirPath = "";
			projectRoot = "";
			targets = (
				ECF795011A33BAFC0076A193 /* Reality TV Show Name Generator */,
				ECF7951A1A33BAFC0076A193 /* Reality TV Show Name GeneratorTests */,
			);
		};
/* End PBXProject section */

/* Begin PBXResourcesBuildPhase section */
		ECF795001A33BAFC0076A193 /* Resources */ = {
			isa = PBXResourcesBuildPhase;
			buildActionMask = 2147483647;
			files = (
				ECF795111A33BAFC0076A193 /* Main.storyboard in Resources */,
				ECF795161A33BAFC0076A193 /* LaunchScreen.xib in Resources */,
				ECF795131A33BAFC0076A193 /* Images.xcassets in Resources */,
			);
			runOnlyForDeploymentPostprocessing = 0;
		};
		ECF795191A33BAFC0076A193 /* Resources */ = {
			isa = PBXResourcesBuildPhase;
			buildActionMask = 2147483647;
			files = (
			);
			runOnlyForDeploymentPostprocessing = 0;
		};
/* End PBXResourcesBuildPhase section */

/* Begin PBXSourcesBuildPhase section */
		ECF794FE1A33BAFC0076A193 /* Sources */ = {
			isa = PBXSourcesBuildPhase;
			buildActionMask = 2147483647;
			files = (
				EC1DA8D71A6350A4007A15D8 /* RecentItemsTVC.m in Sources */,
				ECF144BC1A69A1A000F0336D /* FavoritesTVC.m in Sources */,
				ECF7950E1A33BAFC0076A193 /* MainViewController.m in Sources */,
				ECF7952D1A33DA7D0076A193 /* RandomName.m in Sources */,
				ECF7950B1A33BAFC0076A193 /* AppDelegate.m in Sources */,
				ECF795081A33BAFC0076A193 /* main.m in Sources */,
			);
			runOnlyForDeploymentPostprocessing = 0;
		};
		ECF795171A33BAFC0076A193 /* Sources */ = {
			isa = PBXSourcesBuildPhase;
			buildActionMask = 2147483647;
			files = (
				ECF795221A33BAFC0076A193 /* Reality_TV_Show_Name_GeneratorTests.m in Sources */,
			);
			runOnlyForDeploymentPostprocessing = 0;
		};
/* End PBXSourcesBuildPhase section */

/* Begin PBXTargetDependency section */
		ECF7951D1A33BAFC0076A193 /* PBXTargetDependency */ = {
			isa = PBXTargetDependency;
			target = ECF795011A33BAFC0076A193 /* Reality TV Show Name Generator */;
			targetProxy = ECF7951C1A33BAFC0076A193 /* PBXContainerItemProxy */;
		};
/* End PBXTargetDependency section */

/* Begin PBXVariantGroup section */
		ECF7950F1A33BAFC0076A193 /* Main.storyboard */ = {
			isa = PBXVariantGroup;
			children = (
				ECF795101A33BAFC0076A193 /* Base */,
			);
			name = Main.storyboard;
			sourceTree = "<group>";
		};
		ECF795141A33BAFC0076A193 /* LaunchScreen.xib */ = {
			isa = PBXVariantGroup;
			children = (
				ECF795151A33BAFC0076A193 /* Base */,
			);
			name = LaunchScreen.xib;
			sourceTree = "<group>";
		};
/* End PBXVariantGroup section */

/* Begin XCBuildConfiguration section */
		ECF795231A33BAFC0076A193 /* Debug */ = {
			isa = XCBuildConfiguration;
			buildSettings = {
				ALWAYS_SEARCH_USER_PATHS = NO;
				CLANG_CXX_LANGUAGE_STANDARD = "gnu++0x";
				CLANG_CXX_LIBRARY = "libc++";
				CLANG_ENABLE_MODULES = YES;
				CLANG_ENABLE_OBJC_ARC = YES;
				CLANG_WARN_BOOL_CONVERSION = YES;
				CLANG_WARN_CONSTANT_CONVERSION = YES;
				CLANG_WARN_DIRECT_OBJC_ISA_USAGE = YES_ERROR;
				CLANG_WARN_EMPTY_BODY = YES;
				CLANG_WARN_ENUM_CONVERSION = YES;
				CLANG_WARN_INT_CONVERSION = YES;
				CLANG_WARN_OBJC_ROOT_CLASS = YES_ERROR;
				CLANG_WARN_UNREACHABLE_CODE = YES;
				CLANG_WARN__DUPLICATE_METHOD_MATCH = YES;
				"CODE_SIGN_IDENTITY[sdk=iphoneos*]" = "iPhone Developer";
				COPY_PHASE_STRIP = NO;
				ENABLE_STRICT_OBJC_MSGSEND = YES;
				GCC_C_LANGUAGE_STANDARD = gnu99;
				GCC_DYNAMIC_NO_PIC = NO;
				GCC_OPTIMIZATION_LEVEL = 0;
				GCC_PREPROCESSOR_DEFINITIONS = (
					"DEBUG=1",
					"$(inherited)",
				);
				GCC_SYMBOLS_PRIVATE_EXTERN = NO;
				GCC_WARN_64_TO_32_BIT_CONVERSION = YES;
				GCC_WARN_ABOUT_RETURN_TYPE = YES_ERROR;
				GCC_WARN_UNDECLARED_SELECTOR = YES;
				GCC_WARN_UNINITIALIZED_AUTOS = YES_AGGRESSIVE;
				GCC_WARN_UNUSED_FUNCTION = YES;
				GCC_WARN_UNUSED_VARIABLE = YES;
				IPHONEOS_DEPLOYMENT_TARGET = 8.1;
				MTL_ENABLE_DEBUG_INFO = YES;
				ONLY_ACTIVE_ARCH = YES;
				SDKROOT = iphoneos;
			};
			name = Debug;
		};
		ECF795241A33BAFC0076A193 /* Release */ = {
			isa = XCBuildConfiguration;
			buildSettings = {
				ALWAYS_SEARCH_USER_PATHS = NO;
				CLANG_CXX_LANGUAGE_STANDARD = "gnu++0x";
				CLANG_CXX_LIBRARY = "libc++";
				CLANG_ENABLE_MODULES = YES;
				CLANG_ENABLE_OBJC_ARC = YES;
				CLANG_WARN_BOOL_CONVERSION = YES;
				CLANG_WARN_CONSTANT_CONVERSION = YES;
				CLANG_WARN_DIRECT_OBJC_ISA_USAGE = YES_ERROR;
				CLANG_WARN_EMPTY_BODY = YES;
				CLANG_WARN_ENUM_CONVERSION = YES;
				CLANG_WARN_INT_CONVERSION = YES;
				CLANG_WARN_OBJC_ROOT_CLASS = YES_ERROR;
				CLANG_WARN_UNREACHABLE_CODE = YES;
				CLANG_WARN__DUPLICATE_METHOD_MATCH = YES;
				"CODE_SIGN_IDENTITY[sdk=iphoneos*]" = "iPhone Developer";
				COPY_PHASE_STRIP = YES;
				ENABLE_NS_ASSERTIONS = NO;
				ENABLE_STRICT_OBJC_MSGSEND = YES;
				GCC_C_LANGUAGE_STANDARD = gnu99;
				GCC_WARN_64_TO_32_BIT_CONVERSION = YES;
				GCC_WARN_ABOUT_RETURN_TYPE = YES_ERROR;
				GCC_WARN_UNDECLARED_SELECTOR = YES;
				GCC_WARN_UNINITIALIZED_AUTOS = YES_AGGRESSIVE;
				GCC_WARN_UNUSED_FUNCTION = YES;
				GCC_WARN_UNUSED_VARIABLE = YES;
				IPHONEOS_DEPLOYMENT_TARGET = 8.1;
				MTL_ENABLE_DEBUG_INFO = NO;
				SDKROOT = iphoneos;
				VALIDATE_PRODUCT = YES;
			};
			name = Release;
		};
		ECF795261A33BAFC0076A193 /* Debug */ = {
			isa = XCBuildConfiguration;
			buildSettings = {
				ASSETCATALOG_COMPILER_APPICON_NAME = AppIcon;
				CODE_SIGN_IDENTITY = "iPhone Developer";
				INFOPLIST_FILE = "Reality TV Show Name Generator/Info.plist";
				IPHONEOS_DEPLOYMENT_TARGET = 8.0;
				LD_RUNPATH_SEARCH_PATHS = "$(inherited) @executable_path/Frameworks";
				PRODUCT_NAME = "$(TARGET_NAME)";
			};
			name = Debug;
		};
		ECF795271A33BAFC0076A193 /* Release */ = {
			isa = XCBuildConfiguration;
			buildSettings = {
				ASSETCATALOG_COMPILER_APPICON_NAME = AppIcon;
				CODE_SIGN_IDENTITY = "iPhone Developer";
				INFOPLIST_FILE = "Reality TV Show Name Generator/Info.plist";
				IPHONEOS_DEPLOYMENT_TARGET = 8.0;
				LD_RUNPATH_SEARCH_PATHS = "$(inherited) @executable_path/Frameworks";
				PRODUCT_NAME = "$(TARGET_NAME)";
			};
			name = Release;
		};
		ECF795291A33BAFC0076A193 /* Debug */ = {
			isa = XCBuildConfiguration;
			buildSettings = {
				BUNDLE_LOADER = "$(TEST_HOST)";
				FRAMEWORK_SEARCH_PATHS = (
					"$(SDKROOT)/Developer/Library/Frameworks",
					"$(inherited)",
				);
				GCC_PREPROCESSOR_DEFINITIONS = (
					"DEBUG=1",
					"$(inherited)",
				);
				INFOPLIST_FILE = "Reality TV Show Name GeneratorTests/Info.plist";
				LD_RUNPATH_SEARCH_PATHS = "$(inherited) @executable_path/Frameworks @loader_path/Frameworks";
				PRODUCT_NAME = "$(TARGET_NAME)";
				TEST_HOST = "$(BUILT_PRODUCTS_DIR)/Reality TV Show Name Generator.app/Reality TV Show Name Generator";
			};
			name = Debug;
		};
		ECF7952A1A33BAFC0076A193 /* Release */ = {
			isa = XCBuildConfiguration;
			buildSettings = {
				BUNDLE_LOADER = "$(TEST_HOST)";
				FRAMEWORK_SEARCH_PATHS = (
					"$(SDKROOT)/Developer/Library/Frameworks",
					"$(inherited)",
				);
				INFOPLIST_FILE = "Reality TV Show Name GeneratorTests/Info.plist";
				LD_RUNPATH_SEARCH_PATHS = "$(inherited) @executable_path/Frameworks @loader_path/Frameworks";
				PRODUCT_NAME = "$(TARGET_NAME)";
				TEST_HOST = "$(BUILT_PRODUCTS_DIR)/Reality TV Show Name Generator.app/Reality TV Show Name Generator";
			};
			name = Release;
		};
/* End XCBuildConfiguration section */

/* Begin XCConfigurationList section */
		ECF794FD1A33BAFC0076A193 /* Build configuration list for PBXProject "Reality TV Show Name Generator" */ = {
			isa = XCConfigurationList;
			buildConfigurations = (
				ECF795231A33BAFC0076A193 /* Debug */,
				ECF795241A33BAFC0076A193 /* Release */,
			);
			defaultConfigurationIsVisible = 0;
			defaultConfigurationName = Release;
		};
		ECF795251A33BAFC0076A193 /* Build configuration list for PBXNativeTarget "Reality TV Show Name Generator" */ = {
			isa = XCConfigurationList;
			buildConfigurations = (
				ECF795261A33BAFC0076A193 /* Debug */,
				ECF795271A33BAFC0076A193 /* Release */,
			);
			defaultConfigurationIsVisible = 0;
			defaultConfigurationName = Release;
		};
		ECF795281A33BAFC0076A193 /* Build configuration list for PBXNativeTarget "Reality TV Show Name GeneratorTests" */ = {
			isa = XCConfigurationList;
			buildConfigurations = (
				ECF795291A33BAFC0076A193 /* Debug */,
				ECF7952A1A33BAFC0076A193 /* Release */,
			);
			defaultConfigurationIsVisible = 0;
			defaultConfigurationName = Release;
		};
/* End XCConfigurationList section */
	};
	rootObject = ECF794FA1A33BAFC0076A193 /* Project object */;
}
